
Microsoft Visual Studio Solution File, Format Version 12.00
# Visual Studio Version 17
VisualStudioVersion = 17.5.33414.496
MinimumVisualStudioVersion = 10.0.40219.1
Project("{FAE04EC0-301F-11D3-BF4B-00C04F79EFBC}") = "Week15OOP", "Week15OOP\Week15OOP.csproj", "{AFD94281-3B87-499D-87D5-135D89C48275}"
EndProject
Global
	GlobalSection(SolutionConfigurationPlatforms) = preSolution
		Debug|Any CPU = Debug|Any CPU
		Release|Any CPU = Release|Any CPU
	EndGlobalSection
	GlobalSection(ProjectConfigurationPlatforms) = postSolution
		{AFD94281-3B87-499D-87D5-135D89C48275}.Debug|Any CPU.ActiveCfg = Debug|Any CPU
		{AFD94281-3B87-499D-87D5-135D89C48275}.Debug|Any CPU.Build.0 = Debug|Any CPU
		{AFD94281-3B87-499D-87D5-135D89C48275}.Release|Any CPU.ActiveCfg = Release|Any CPU
		{AFD94281-3B87-499D-87D5-135D89C48275}.Release|Any CPU.Build.0 = Release|Any CPU
	EndGlobalSection
	GlobalSection(SolutionProperties) = preSolution
		HideSolutionNode = FALSE
	EndGlobalSection
	GlobalSection(ExtensibilityGlobals) = postSolution
		SolutionGuid = {247AD8BF-8E8A-4EC1-A976-B3A3DD6CD07B}
	EndGlobalSection
EndGlobal
